
Microsoft Visual Studio Solution File, Format Version 12.00
# Visual Studio Version 17
VisualStudioVersion = 17.2.32630.192
MinimumVisualStudioVersion = 10.0.40219.1
Project("{FAE04EC0-301F-11D3-BF4B-00C04F79EFBC}") = "ImageED", "ImageED\ImageED.csproj", "{1C3F6EB2-A18C-4611-B680-948442599F9A}"
EndProject
Global
	GlobalSection(SolutionConfigurationPlatforms) = preSolution
		Debug|Any CPU = Debug|Any CPU
		Release|Any CPU = Release|Any CPU
	EndGlobalSection
	GlobalSection(ProjectConfigurationPlatforms) = postSolution
		{1C3F6EB2-A18C-4611-B680-948442599F9A}.Debug|Any CPU.ActiveCfg = Debug|Any CPU
		{1C3F6EB2-A18C-4611-B680-948442599F9A}.Debug|Any CPU.Build.0 = Debug|Any CPU
		{1C3F6EB2-A18C-4611-B680-948442599F9A}.Release|Any CPU.ActiveCfg = Release|Any CPU
		{1C3F6EB2-A18C-4611-B680-948442599F9A}.Release|Any CPU.Build.0 = Release|Any CPU
	EndGlobalSection
	GlobalSection(SolutionProperties) = preSolution
		HideSolutionNode = FALSE
	EndGlobalSection
	GlobalSection(ExtensibilityGlobals) = postSolution
		SolutionGuid = {E5E0397E-1568-4CBB-8EE0-572304F14FBB}
	EndGlobalSection
EndGlobal
